
Microsoft Visual Studio Solution File, Format Version 12.00
# Visual Studio Version 17
VisualStudioVersion = 17.9.34902.65
MinimumVisualStudioVersion = 10.0.40219.1
Project("{9A19103F-16F7-4668-BE54-9A1E7A4F7556}") = "Airplane", "Lab6\Airplane.csproj", "{524937E3-2769-449F-AB51-D8ECA8053304}"
EndProject
Project("{9A19103F-16F7-4668-BE54-9A1E7A4F7556}") = "AirplaneTests", "AirplaneTests\AirplaneTests.csproj", "{9A02307D-E318-458C-8288-3511699AD3B6}"
EndProject
Global
	GlobalSection(SolutionConfigurationPlatforms) = preSolution
		Debug|Any CPU = Debug|Any CPU
		Release|Any CPU = Release|Any CPU
	EndGlobalSection
	GlobalSection(ProjectConfigurationPlatforms) = postSolution
		{524937E3-2769-449F-AB51-D8ECA8053304}.Debug|Any CPU.ActiveCfg = Debug|Any CPU
		{524937E3-2769-449F-AB51-D8ECA8053304}.Debug|Any CPU.Build.0 = Debug|Any CPU
		{524937E3-2769-449F-AB51-D8ECA8053304}.Release|Any CPU.ActiveCfg = Release|Any CPU
		{524937E3-2769-449F-AB51-D8ECA8053304}.Release|Any CPU.Build.0 = Release|Any CPU
		{9A02307D-E318-458C-8288-3511699AD3B6}.Debug|Any CPU.ActiveCfg = Debug|Any CPU
		{9A02307D-E318-458C-8288-3511699AD3B6}.Debug|Any CPU.Build.0 = Debug|Any CPU
		{9A02307D-E318-458C-8288-3511699AD3B6}.Release|Any CPU.ActiveCfg = Release|Any CPU
		{9A02307D-E318-458C-8288-3511699AD3B6}.Release|Any CPU.Build.0 = Release|Any CPU
	EndGlobalSection
	GlobalSection(SolutionProperties) = preSolution
		HideSolutionNode = FALSE
	EndGlobalSection
	GlobalSection(ExtensibilityGlobals) = postSolution
		SolutionGuid = {33210599-2086-4336-BE16-A431E3E8E692}
	EndGlobalSection
EndGlobal
